// !$*UTF8*$!
{
	archiveVersion = 1;
	classes = {
	};
	objectVersion = 50;
	objects = {

/* Begin PBXBuildFile section */
		092C8CA925FA59A800B904D6 /* MainViewController.swift in Sources */ = {isa = PBXBuildFile; fileRef = 092C8CA825FA59A800B904D6 /* MainViewController.swift */; };
		092C8CDA25FF943100B904D6 /* RxSwiftSubjectViewController.swift in Sources */ = {isa = PBXBuildFile; fileRef = 092C8CD925FF943100B904D6 /* RxSwiftSubjectViewController.swift */; };
		092C8CDC25FF9ED700B904D6 /* RxSwiftUIViewController.swift in Sources */ = {isa = PBXBuildFile; fileRef = 092C8CDB25FF9ED700B904D6 /* RxSwiftUIViewController.swift */; };
		092C8CDE25FFA59E00B904D6 /* Operators.swift in Sources */ = {isa = PBXBuildFile; fileRef = 092C8CDD25FFA59E00B904D6 /* Operators.swift */; };
		092C8CE82600E52000B904D6 /* JKSegmentControl.swift in Sources */ = {isa = PBXBuildFile; fileRef = 092C8CE72600E52000B904D6 /* JKSegmentControl.swift */; };
		C0036C932601DA8C00807550 /* JKSegmentControl+rx.swift in Sources */ = {isa = PBXBuildFile; fileRef = C0036C922601DA8C00807550 /* JKSegmentControl+rx.swift */; };
		C0036C972601F90B00807550 /* JKView.swift in Sources */ = {isa = PBXBuildFile; fileRef = C0036C962601F90B00807550 /* JKView.swift */; };
		C007163126089C0300336C2A /* JKLotteryRankTableViewCell.swift in Sources */ = {isa = PBXBuildFile; fileRef = C007163026089C0300336C2A /* JKLotteryRankTableViewCell.swift */; };
		C007163326089C4A00336C2A /* JKCurrentLotteryHeaderView.swift in Sources */ = {isa = PBXBuildFile; fileRef = C007163226089C4A00336C2A /* JKCurrentLotteryHeaderView.swift */; };
		C01DBA0A266624D9007F314B /* OverviewListViewController.swift in Sources */ = {isa = PBXBuildFile; fileRef = C01DBA09266624D9007F314B /* OverviewListViewController.swift */; };
		C01DBA0C26662698007F314B /* OverviewListViewModel.swift in Sources */ = {isa = PBXBuildFile; fileRef = C01DBA0B26662698007F314B /* OverviewListViewModel.swift */; };
		C020470A261C51B1001DB586 /* TabBarItemModular.strings in Resources */ = {isa = PBXBuildFile; fileRef = C0204709261C514D001DB586 /* TabBarItemModular.strings */; };
		C0204711261C52CB001DB586 /* TabBarItemModular.swift in Sources */ = {isa = PBXBuildFile; fileRef = C0204710261C52CB001DB586 /* TabBarItemModular.swift */; };
		C020471F261C60A9001DB586 /* SettingNavigationController.swift in Sources */ = {isa = PBXBuildFile; fileRef = C020471E261C60A9001DB586 /* SettingNavigationController.swift */; };
		C0204721261C62CF001DB586 /* MineNavigationController.swift in Sources */ = {isa = PBXBuildFile; fileRef = C0204720261C62CF001DB586 /* MineNavigationController.swift */; };
		C0204723261C630B001DB586 /* OverviewNavigationController.swift in Sources */ = {isa = PBXBuildFile; fileRef = C0204722261C630B001DB586 /* OverviewNavigationController.swift */; };
		C0204730261D4C3B001DB586 /* Image.xcassets in Resources */ = {isa = PBXBuildFile; fileRef = C020472F261D4B56001DB586 /* Image.xcassets */; };
		C02B9E6D25FB0485007DADA7 /* ExampleMainViewController.swift in Sources */ = {isa = PBXBuildFile; fileRef = C02B9E6C25FB0485007DADA7 /* ExampleMainViewController.swift */; };
		C02B9E8A25FB1113007DADA7 /* CodableExampleViewController.swift in Sources */ = {isa = PBXBuildFile; fileRef = C02B9E8925FB1113007DADA7 /* CodableExampleViewController.swift */; };
		C02B9E8C25FB1566007DADA7 /* EquatableExampleViewController.swift in Sources */ = {isa = PBXBuildFile; fileRef = C02B9E8B25FB1566007DADA7 /* EquatableExampleViewController.swift */; };
		C02B9E8E25FB40E5007DADA7 /* TableViewWithCommandsExampleViewController.swift in Sources */ = {isa = PBXBuildFile; fileRef = C02B9E8D25FB40E5007DADA7 /* TableViewWithCommandsExampleViewController.swift */; };
		C02B9E9025FB4363007DADA7 /* RandomUserAPI.swift in Sources */ = {isa = PBXBuildFile; fileRef = C02B9E8F25FB4363007DADA7 /* RandomUserAPI.swift */; };
		C02B9E9625FB5193007DADA7 /* RxSwiftExampleViewController.swift in Sources */ = {isa = PBXBuildFile; fileRef = C02B9E9525FB5193007DADA7 /* RxSwiftExampleViewController.swift */; };
		C04A1DCE26280E9500F461AA /* OverviewNormalViewController.swift in Sources */ = {isa = PBXBuildFile; fileRef = C04A1DCD26280E9500F461AA /* OverviewNormalViewController.swift */; };
		C04A1DD026280EA800F461AA /* OverviewSimpleViewController.swift in Sources */ = {isa = PBXBuildFile; fileRef = C04A1DCF26280EA800F461AA /* OverviewSimpleViewController.swift */; };
		C0613665262000C800878284 /* CommonModular..swift in Sources */ = {isa = PBXBuildFile; fileRef = C0613664262000C800878284 /* CommonModular..swift */; };
		C06136672620011F00878284 /* NaviagtionBarModular.swift in Sources */ = {isa = PBXBuildFile; fileRef = C06136662620011F00878284 /* NaviagtionBarModular.swift */; };
		C061366C2620241600878284 /* Theme.swift in Sources */ = {isa = PBXBuildFile; fileRef = C061366B2620241600878284 /* Theme.swift */; };
		C083AAFE262EA6FD00F0809F /* JKBall.swift in Sources */ = {isa = PBXBuildFile; fileRef = C083AAFD262EA6FD00F0809F /* JKBall.swift */; };
		C083AB0F262EC88300F0809F /* OverviewSimpleViewModel.swift in Sources */ = {isa = PBXBuildFile; fileRef = C083AB0E262EC88300F0809F /* OverviewSimpleViewModel.swift */; };
		C083AB22262ECE8B00F0809F /* OverviewLotteryCellViewModel.swift in Sources */ = {isa = PBXBuildFile; fileRef = C083AB21262ECE8B00F0809F /* OverviewLotteryCellViewModel.swift */; };
		C083AB26262ECF4900F0809F /* BaseCellViewModel.swift in Sources */ = {isa = PBXBuildFile; fileRef = C083AB25262ECF4900F0809F /* BaseCellViewModel.swift */; };
		C09675962626EC35002FCA50 /* NaviagtionBarModular.strings in Resources */ = {isa = PBXBuildFile; fileRef = C09675982626EC35002FCA50 /* NaviagtionBarModular.strings */; };
		C09CB7BF2609D3DE0082DDB7 /* JKMainViewController.swift in Sources */ = {isa = PBXBuildFile; fileRef = C09CB7BE2609D3DE0082DDB7 /* JKMainViewController.swift */; };
		C09CB7C22609D51F0082DDB7 /* Enum.Lottery.swift in Sources */ = {isa = PBXBuildFile; fileRef = C09CB7C12609D51F0082DDB7 /* Enum.Lottery.swift */; };
		C09D3E5D26009FB300EDC0F9 /* JKDashboardViewController.swift in Sources */ = {isa = PBXBuildFile; fileRef = C09D3E5C26009FB300EDC0F9 /* JKDashboardViewController.swift */; };
		C09D3E602600A25600EDC0F9 /* JKLotteryListViewController.swift in Sources */ = {isa = PBXBuildFile; fileRef = C09D3E5F2600A25600EDC0F9 /* JKLotteryListViewController.swift */; };
		C09D3E8F2600A4AF00EDC0F9 /* Service.framework in Frameworks */ = {isa = PBXBuildFile; fileRef = C09D3E8E2600A4AF00EDC0F9 /* Service.framework */; };
		C09D3E902600A4AF00EDC0F9 /* Service.framework in Embed Frameworks */ = {isa = PBXBuildFile; fileRef = C09D3E8E2600A4AF00EDC0F9 /* Service.framework */; settings = {ATTRIBUTES = (CodeSignOnCopy, RemoveHeadersOnCopy, ); }; };
		C09D3E922600A51600EDC0F9 /* JKLotteryTableViewCell.swift in Sources */ = {isa = PBXBuildFile; fileRef = C09D3E912600A51600EDC0F9 /* JKLotteryTableViewCell.swift */; };
		C09D3E982600A74600EDC0F9 /* JKLotteryListViewModel.swift in Sources */ = {isa = PBXBuildFile; fileRef = C09D3E972600A74600EDC0F9 /* JKLotteryListViewModel.swift */; };
		C0AB3B6725F9F753007C36AD /* Application.swift in Sources */ = {isa = PBXBuildFile; fileRef = C0AB3B6625F9F753007C36AD /* Application.swift */; };
		C0AB3B6B25F9F79F007C36AD /* UICore.framework in Frameworks */ = {isa = PBXBuildFile; fileRef = C0AB3B6A25F9F79F007C36AD /* UICore.framework */; };
		C0AB3B6C25F9F79F007C36AD /* UICore.framework in Embed Frameworks */ = {isa = PBXBuildFile; fileRef = C0AB3B6A25F9F79F007C36AD /* UICore.framework */; settings = {ATTRIBUTES = (CodeSignOnCopy, RemoveHeadersOnCopy, ); }; };
		C0AB3B7025F9F85C007C36AD /* BackupViewController.swift in Sources */ = {isa = PBXBuildFile; fileRef = C0AB3B6F25F9F85C007C36AD /* BackupViewController.swift */; };
		C0BED1E025FF2F8E005A5584 /* RxSwiftFilteringViewController.swift in Sources */ = {isa = PBXBuildFile; fileRef = C0BED1DF25FF2F8E005A5584 /* RxSwiftFilteringViewController.swift */; };
		C0CDD172262822B700EDCAD6 /* LotteryTableViewCell.swift in Sources */ = {isa = PBXBuildFile; fileRef = C0CDD171262822B700EDCAD6 /* LotteryTableViewCell.swift */; };
		C0CFEE52262575E800B4E916 /* CarouseViewFlowLayout.swift in Sources */ = {isa = PBXBuildFile; fileRef = C0CFEE51262575E800B4E916 /* CarouseViewFlowLayout.swift */; };
		C0CFEE542625855300B4E916 /* CarouseViewCell.swift in Sources */ = {isa = PBXBuildFile; fileRef = C0CFEE532625855300B4E916 /* CarouseViewCell.swift */; };
		C0CFEE5626258C0800B4E916 /* CarouseView.swift in Sources */ = {isa = PBXBuildFile; fileRef = C0CFEE5526258C0800B4E916 /* CarouseView.swift */; };
		C0D902B1261C45EF00D8F7AE /* TabBarItem.swift in Sources */ = {isa = PBXBuildFile; fileRef = C0D902B0261C45EF00D8F7AE /* TabBarItem.swift */; };
		C0D902B7261C47D700D8F7AE /* OverviewViewController.swift in Sources */ = {isa = PBXBuildFile; fileRef = C0D902B6261C47D700D8F7AE /* OverviewViewController.swift */; };
		C0D902BC261C487D00D8F7AE /* SettingViewController.swift in Sources */ = {isa = PBXBuildFile; fileRef = C0D902BB261C487D00D8F7AE /* SettingViewController.swift */; };
		C0D902BE261C488900D8F7AE /* MineViewController.swift in Sources */ = {isa = PBXBuildFile; fileRef = C0D902BD261C488900D8F7AE /* MineViewController.swift */; };
		C0E2833225FA031900ACAA93 /* Center.framework in Frameworks */ = {isa = PBXBuildFile; fileRef = C0E2833125FA031900ACAA93 /* Center.framework */; };
		C0E2833325FA031900ACAA93 /* Center.framework in Embed Frameworks */ = {isa = PBXBuildFile; fileRef = C0E2833125FA031900ACAA93 /* Center.framework */; settings = {ATTRIBUTES = (CodeSignOnCopy, RemoveHeadersOnCopy, ); }; };
		C0E61112261D9E3F001FA3BE /* TabBar.swift in Sources */ = {isa = PBXBuildFile; fileRef = C0E61111261D9E3F001FA3BE /* TabBar.swift */; };
/* End PBXBuildFile section */

/* Begin PBXCopyFilesBuildPhase section */
		C0AB3B6D25F9F79F007C36AD /* Embed Frameworks */ = {
			isa = PBXCopyFilesBuildPhase;
			buildActionMask = 2147483647;
			dstPath = "";
			dstSubfolderSpec = 10;
			files = (
				C09D3E902600A4AF00EDC0F9 /* Service.framework in Embed Frameworks */,
				C0AB3B6C25F9F79F007C36AD /* UICore.framework in Embed Frameworks */,
				C0E2833325FA031900ACAA93 /* Center.framework in Embed Frameworks */,
			);
			name = "Embed Frameworks";
			runOnlyForDeploymentPostprocessing = 0;
		};
/* End PBXCopyFilesBuildPhase section */

/* Begin PBXFileReference section */
		092C8CA825FA59A800B904D6 /* MainViewController.swift */ = {isa = PBXFileReference; lastKnownFileType = sourcecode.swift; path = MainViewController.swift; sourceTree = "<group>"; };
		092C8CD925FF943100B904D6 /* RxSwiftSubjectViewController.swift */ = {isa = PBXFileReference; lastKnownFileType = sourcecode.swift; path = RxSwiftSubjectViewController.swift; sourceTree = "<group>"; };
		092C8CDB25FF9ED700B904D6 /* RxSwiftUIViewController.swift */ = {isa = PBXFileReference; lastKnownFileType = sourcecode.swift; path = RxSwiftUIViewController.swift; sourceTree = "<group>"; };
		092C8CDD25FFA59E00B904D6 /* Operators.swift */ = {isa = PBXFileReference; lastKnownFileType = sourcecode.swift; path = Operators.swift; sourceTree = "<group>"; };
		092C8CE72600E52000B904D6 /* JKSegmentControl.swift */ = {isa = PBXFileReference; lastKnownFileType = sourcecode.swift; path = JKSegmentControl.swift; sourceTree = "<group>"; };
		C0036C922601DA8C00807550 /* JKSegmentControl+rx.swift */ = {isa = PBXFileReference; lastKnownFileType = sourcecode.swift; path = "JKSegmentControl+rx.swift"; sourceTree = "<group>"; };
		C0036C962601F90B00807550 /* JKView.swift */ = {isa = PBXFileReference; lastKnownFileType = sourcecode.swift; path = JKView.swift; sourceTree = "<group>"; };
		C007163026089C0300336C2A /* JKLotteryRankTableViewCell.swift */ = {isa = PBXFileReference; lastKnownFileType = sourcecode.swift; path = JKLotteryRankTableViewCell.swift; sourceTree = "<group>"; };
		C007163226089C4A00336C2A /* JKCurrentLotteryHeaderView.swift */ = {isa = PBXFileReference; lastKnownFileType = sourcecode.swift; path = JKCurrentLotteryHeaderView.swift; sourceTree = "<group>"; };
		C01DBA09266624D9007F314B /* OverviewListViewController.swift */ = {isa = PBXFileReference; lastKnownFileType = sourcecode.swift; path = OverviewListViewController.swift; sourceTree = "<group>"; };
		C01DBA0B26662698007F314B /* OverviewListViewModel.swift */ = {isa = PBXFileReference; lastKnownFileType = sourcecode.swift; path = OverviewListViewModel.swift; sourceTree = "<group>"; };
		C0204708261C514D001DB586 /* zh-Hans */ = {isa = PBXFileReference; lastKnownFileType = text.plist.strings; name = "zh-Hans"; path = "zh-Hans.lproj/TabBarItemModular.strings"; sourceTree = "<group>"; };
		C0204710261C52CB001DB586 /* TabBarItemModular.swift */ = {isa = PBXFileReference; lastKnownFileType = sourcecode.swift; path = TabBarItemModular.swift; sourceTree = "<group>"; };
		C0204712261C5A8B001DB586 /* en */ = {isa = PBXFileReference; lastKnownFileType = text.plist.strings; name = en; path = en.lproj/TabBarItemModular.strings; sourceTree = "<group>"; };
		C020471E261C60A9001DB586 /* SettingNavigationController.swift */ = {isa = PBXFileReference; lastKnownFileType = sourcecode.swift; path = SettingNavigationController.swift; sourceTree = "<group>"; };
		C0204720261C62CF001DB586 /* MineNavigationController.swift */ = {isa = PBXFileReference; lastKnownFileType = sourcecode.swift; path = MineNavigationController.swift; sourceTree = "<group>"; };
		C0204722261C630B001DB586 /* OverviewNavigationController.swift */ = {isa = PBXFileReference; lastKnownFileType = sourcecode.swift; path = OverviewNavigationController.swift; sourceTree = "<group>"; };
		C020472F261D4B56001DB586 /* Image.xcassets */ = {isa = PBXFileReference; lastKnownFileType = folder.assetcatalog; path = Image.xcassets; sourceTree = "<group>"; };
		C02B9E6C25FB0485007DADA7 /* ExampleMainViewController.swift */ = {isa = PBXFileReference; lastKnownFileType = sourcecode.swift; path = ExampleMainViewController.swift; sourceTree = "<group>"; };
		C02B9E8925FB1113007DADA7 /* CodableExampleViewController.swift */ = {isa = PBXFileReference; lastKnownFileType = sourcecode.swift; path = CodableExampleViewController.swift; sourceTree = "<group>"; };
		C02B9E8B25FB1566007DADA7 /* EquatableExampleViewController.swift */ = {isa = PBXFileReference; lastKnownFileType = sourcecode.swift; path = EquatableExampleViewController.swift; sourceTree = "<group>"; };
		C02B9E8D25FB40E5007DADA7 /* TableViewWithCommandsExampleViewController.swift */ = {isa = PBXFileReference; lastKnownFileType = sourcecode.swift; path = TableViewWithCommandsExampleViewController.swift; sourceTree = "<group>"; };
		C02B9E8F25FB4363007DADA7 /* RandomUserAPI.swift */ = {isa = PBXFileReference; lastKnownFileType = sourcecode.swift; path = RandomUserAPI.swift; sourceTree = "<group>"; };
		C02B9E9525FB5193007DADA7 /* RxSwiftExampleViewController.swift */ = {isa = PBXFileReference; lastKnownFileType = sourcecode.swift; path = RxSwiftExampleViewController.swift; sourceTree = "<group>"; };
		C04A1DCD26280E9500F461AA /* OverviewNormalViewController.swift */ = {isa = PBXFileReference; lastKnownFileType = sourcecode.swift; path = OverviewNormalViewController.swift; sourceTree = "<group>"; };
		C04A1DCF26280EA800F461AA /* OverviewSimpleViewController.swift */ = {isa = PBXFileReference; lastKnownFileType = sourcecode.swift; path = OverviewSimpleViewController.swift; sourceTree = "<group>"; };
		C0613664262000C800878284 /* CommonModular..swift */ = {isa = PBXFileReference; lastKnownFileType = sourcecode.swift; path = CommonModular..swift; sourceTree = "<group>"; };
		C06136662620011F00878284 /* NaviagtionBarModular.swift */ = {isa = PBXFileReference; lastKnownFileType = sourcecode.swift; path = NaviagtionBarModular.swift; sourceTree = "<group>"; };
		C061366B2620241600878284 /* Theme.swift */ = {isa = PBXFileReference; lastKnownFileType = sourcecode.swift; path = Theme.swift; sourceTree = "<group>"; };
		C083AAFD262EA6FD00F0809F /* JKBall.swift */ = {isa = PBXFileReference; lastKnownFileType = sourcecode.swift; path = JKBall.swift; sourceTree = "<group>"; };
		C083AB0E262EC88300F0809F /* OverviewSimpleViewModel.swift */ = {isa = PBXFileReference; lastKnownFileType = sourcecode.swift; path = OverviewSimpleViewModel.swift; sourceTree = "<group>"; };
		C083AB21262ECE8B00F0809F /* OverviewLotteryCellViewModel.swift */ = {isa = PBXFileReference; lastKnownFileType = sourcecode.swift; path = OverviewLotteryCellViewModel.swift; sourceTree = "<group>"; };
		C083AB25262ECF4900F0809F /* BaseCellViewModel.swift */ = {isa = PBXFileReference; lastKnownFileType = sourcecode.swift; path = BaseCellViewModel.swift; sourceTree = "<group>"; };
		C09675972626EC35002FCA50 /* en */ = {isa = PBXFileReference; lastKnownFileType = text.plist.strings; name = en; path = en.lproj/NaviagtionBarModular.strings; sourceTree = "<group>"; };
		C09675992626EC39002FCA50 /* zh-Hans */ = {isa = PBXFileReference; lastKnownFileType = text.plist.strings; name = "zh-Hans"; path = "zh-Hans.lproj/NaviagtionBarModular.strings"; sourceTree = "<group>"; };
		C09CB7BE2609D3DE0082DDB7 /* JKMainViewController.swift */ = {isa = PBXFileReference; lastKnownFileType = sourcecode.swift; path = JKMainViewController.swift; sourceTree = "<group>"; };
		C09CB7C12609D51F0082DDB7 /* Enum.Lottery.swift */ = {isa = PBXFileReference; lastKnownFileType = sourcecode.swift; path = Enum.Lottery.swift; sourceTree = "<group>"; };
		C09D3E5C26009FB300EDC0F9 /* JKDashboardViewController.swift */ = {isa = PBXFileReference; lastKnownFileType = sourcecode.swift; path = JKDashboardViewController.swift; sourceTree = "<group>"; };
		C09D3E5F2600A25600EDC0F9 /* JKLotteryListViewController.swift */ = {isa = PBXFileReference; lastKnownFileType = sourcecode.swift; path = JKLotteryListViewController.swift; sourceTree = "<group>"; };
		C09D3E8E2600A4AF00EDC0F9 /* Service.framework */ = {isa = PBXFileReference; explicitFileType = wrapper.framework; path = Service.framework; sourceTree = BUILT_PRODUCTS_DIR; };
		C09D3E912600A51600EDC0F9 /* JKLotteryTableViewCell.swift */ = {isa = PBXFileReference; lastKnownFileType = sourcecode.swift; path = JKLotteryTableViewCell.swift; sourceTree = "<group>"; };
		C09D3E972600A74600EDC0F9 /* JKLotteryListViewModel.swift */ = {isa = PBXFileReference; lastKnownFileType = sourcecode.swift; path = JKLotteryListViewModel.swift; sourceTree = "<group>"; };
		C0AB3B4D25F9F3D3007C36AD /* App.framework */ = {isa = PBXFileReference; explicitFileType = wrapper.framework; includeInIndex = 0; path = App.framework; sourceTree = BUILT_PRODUCTS_DIR; };
		C0AB3B5125F9F3D3007C36AD /* Info.plist */ = {isa = PBXFileReference; lastKnownFileType = text.plist.xml; path = Info.plist; sourceTree = "<group>"; };
		C0AB3B6625F9F753007C36AD /* Application.swift */ = {isa = PBXFileReference; lastKnownFileType = sourcecode.swift; path = Application.swift; sourceTree = "<group>"; };
		C0AB3B6A25F9F79F007C36AD /* UICore.framework */ = {isa = PBXFileReference; explicitFileType = wrapper.framework; path = UICore.framework; sourceTree = BUILT_PRODUCTS_DIR; };
		C0AB3B6F25F9F85C007C36AD /* BackupViewController.swift */ = {isa = PBXFileReference; fileEncoding = 4; lastKnownFileType = sourcecode.swift; path = BackupViewController.swift; sourceTree = "<group>"; };
		C0BED1DF25FF2F8E005A5584 /* RxSwiftFilteringViewController.swift */ = {isa = PBXFileReference; lastKnownFileType = sourcecode.swift; path = RxSwiftFilteringViewController.swift; sourceTree = "<group>"; };
		C0CDD171262822B700EDCAD6 /* LotteryTableViewCell.swift */ = {isa = PBXFileReference; lastKnownFileType = sourcecode.swift; path = LotteryTableViewCell.swift; sourceTree = "<group>"; };
		C0CFEE51262575E800B4E916 /* CarouseViewFlowLayout.swift */ = {isa = PBXFileReference; lastKnownFileType = sourcecode.swift; path = CarouseViewFlowLayout.swift; sourceTree = "<group>"; };
		C0CFEE532625855300B4E916 /* CarouseViewCell.swift */ = {isa = PBXFileReference; lastKnownFileType = sourcecode.swift; path = CarouseViewCell.swift; sourceTree = "<group>"; };
		C0CFEE5526258C0800B4E916 /* CarouseView.swift */ = {isa = PBXFileReference; lastKnownFileType = sourcecode.swift; path = CarouseView.swift; sourceTree = "<group>"; };
		C0D902B0261C45EF00D8F7AE /* TabBarItem.swift */ = {isa = PBXFileReference; lastKnownFileType = sourcecode.swift; path = TabBarItem.swift; sourceTree = "<group>"; };
		C0D902B6261C47D700D8F7AE /* OverviewViewController.swift */ = {isa = PBXFileReference; lastKnownFileType = sourcecode.swift; path = OverviewViewController.swift; sourceTree = "<group>"; };
		C0D902BB261C487D00D8F7AE /* SettingViewController.swift */ = {isa = PBXFileReference; lastKnownFileType = sourcecode.swift; path = SettingViewController.swift; sourceTree = "<group>"; };
		C0D902BD261C488900D8F7AE /* MineViewController.swift */ = {isa = PBXFileReference; lastKnownFileType = sourcecode.swift; path = MineViewController.swift; sourceTree = "<group>"; };
		C0E2833125FA031900ACAA93 /* Center.framework */ = {isa = PBXFileReference; explicitFileType = wrapper.framework; path = Center.framework; sourceTree = BUILT_PRODUCTS_DIR; };
		C0E61111261D9E3F001FA3BE /* TabBar.swift */ = {isa = PBXFileReference; lastKnownFileType = sourcecode.swift; path = TabBar.swift; sourceTree = "<group>"; };
/* End PBXFileReference section */

/* Begin PBXFrameworksBuildPhase section */
		C0AB3B4A25F9F3D3007C36AD /* Frameworks */ = {
			isa = PBXFrameworksBuildPhase;
			buildActionMask = 2147483647;
			files = (
				C09D3E8F2600A4AF00EDC0F9 /* Service.framework in Frameworks */,
				C0AB3B6B25F9F79F007C36AD /* UICore.framework in Frameworks */,
				C0E2833225FA031900ACAA93 /* Center.framework in Frameworks */,
			);
			runOnlyForDeploymentPostprocessing = 0;
		};
/* End PBXFrameworksBuildPhase section */

/* Begin PBXGroup section */
		092C8C9F25FA565300B904D6 /* Modules */ = {
			isa = PBXGroup;
			children = (
				C095068B265B79E800A645A9 /* Extension */,
				C09CB7C02609D4DA0082DDB7 /* Common */,
				C0D902B4261C479300D8F7AE /* Setting */,
				C0D902B3261C478C00D8F7AE /* Mine */,
				C0D902B2261C478000D8F7AE /* Overview */,
				C09D3E5E2600A1F100EDC0F9 /* Lottery */,
				C09D3E5B26009ED100EDC0F9 /* Dashboard */,
				C09D3E5A26009E5500EDC0F9 /* Main */,
				C02B9E6B25FB043B007DADA7 /* Example */,
				C0AB3B6F25F9F85C007C36AD /* BackupViewController.swift */,
				092C8CA825FA59A800B904D6 /* MainViewController.swift */,
			);
			path = Modules;
			sourceTree = "<group>";
		};
		092C8CE32600E4C400B904D6 /* ViewModel */ = {
			isa = PBXGroup;
			children = (
				C09D3E972600A74600EDC0F9 /* JKLotteryListViewModel.swift */,
			);
			path = ViewModel;
			sourceTree = "<group>";
		};
		092C8CE52600E4DA00B904D6 /* ViewController */ = {
			isa = PBXGroup;
			children = (
				C09D3E5F2600A25600EDC0F9 /* JKLotteryListViewController.swift */,
			);
			path = ViewController;
			sourceTree = "<group>";
		};
		092C8CE62600E4E500B904D6 /* View */ = {
			isa = PBXGroup;
			children = (
				C09D3E912600A51600EDC0F9 /* JKLotteryTableViewCell.swift */,
				092C8CE72600E52000B904D6 /* JKSegmentControl.swift */,
				C0036C922601DA8C00807550 /* JKSegmentControl+rx.swift */,
				C0036C962601F90B00807550 /* JKView.swift */,
			);
			path = View;
			sourceTree = "<group>";
		};
		C007162F26089BAA00336C2A /* View */ = {
			isa = PBXGroup;
			children = (
				C007163026089C0300336C2A /* JKLotteryRankTableViewCell.swift */,
				C007163226089C4A00336C2A /* JKCurrentLotteryHeaderView.swift */,
			);
			path = View;
			sourceTree = "<group>";
		};
		C02B9E6B25FB043B007DADA7 /* Example */ = {
			isa = PBXGroup;
			children = (
				C02B9E6C25FB0485007DADA7 /* ExampleMainViewController.swift */,
				C02B9E8925FB1113007DADA7 /* CodableExampleViewController.swift */,
				C02B9E8B25FB1566007DADA7 /* EquatableExampleViewController.swift */,
				C02B9E8D25FB40E5007DADA7 /* TableViewWithCommandsExampleViewController.swift */,
				C02B9E8F25FB4363007DADA7 /* RandomUserAPI.swift */,
				C02B9E9525FB5193007DADA7 /* RxSwiftExampleViewController.swift */,
				C0BED1DF25FF2F8E005A5584 /* RxSwiftFilteringViewController.swift */,
				092C8CD925FF943100B904D6 /* RxSwiftSubjectViewController.swift */,
				092C8CDB25FF9ED700B904D6 /* RxSwiftUIViewController.swift */,
			);
			path = Example;
			sourceTree = "<group>";
		};
		C060418B26089E22009A393A /* ViewController */ = {
			isa = PBXGroup;
			children = (
				C09D3E5C26009FB300EDC0F9 /* JKDashboardViewController.swift */,
			);
			path = ViewController;
			sourceTree = "<group>";
		};
		C06136532620004A00878284 /* NaviagtionBar */ = {
			isa = PBXGroup;
			children = (
				C06136662620011F00878284 /* NaviagtionBarModular.swift */,
			);
			path = NaviagtionBar;
			sourceTree = "<group>";
		};
		C061366A262023F900878284 /* Theme */ = {
			isa = PBXGroup;
			children = (
				C061366B2620241600878284 /* Theme.swift */,
			);
			path = Theme;
			sourceTree = "<group>";
		};
		C083AAFF262EA8E000F0809F /* Font */ = {
			isa = PBXGroup;
			children = (
			);
			path = Font;
			sourceTree = "<group>";
		};
		C083AB0D262EC86300F0809F /* ViewModel */ = {
			isa = PBXGroup;
			children = (
				C083AB20262ECE6C00F0809F /* cell */,
				C083AB0E262EC88300F0809F /* OverviewSimpleViewModel.swift */,
				C01DBA0B26662698007F314B /* OverviewListViewModel.swift */,
			);
			path = ViewModel;
			sourceTree = "<group>";
		};
		C083AB20262ECE6C00F0809F /* cell */ = {
			isa = PBXGroup;
			children = (
				C083AB21262ECE8B00F0809F /* OverviewLotteryCellViewModel.swift */,
			);
			path = cell;
			sourceTree = "<group>";
		};
		C083AB23262ECF2F00F0809F /* ViewModel */ = {
			isa = PBXGroup;
			children = (
				C083AB24262ECF3E00F0809F /* Cell */,
			);
			path = ViewModel;
			sourceTree = "<group>";
		};
		C083AB24262ECF3E00F0809F /* Cell */ = {
			isa = PBXGroup;
			children = (
				C083AB25262ECF4900F0809F /* BaseCellViewModel.swift */,
			);
			path = Cell;
			sourceTree = "<group>";
		};
		C095068B265B79E800A645A9 /* Extension */ = {
			isa = PBXGroup;
			children = (
			);
			path = Extension;
			sourceTree = "<group>";
		};
		C09CB7C02609D4DA0082DDB7 /* Common */ = {
			isa = PBXGroup;
			children = (
				C0613664262000C800878284 /* CommonModular..swift */,
				C083AB23262ECF2F00F0809F /* ViewModel */,
				C083AAFF262EA8E000F0809F /* Font */,
				C0CFEE502625751100B4E916 /* CarouselView */,
				C061366A262023F900878284 /* Theme */,
				C06136532620004A00878284 /* NaviagtionBar */,
				C0D902BF261C48A300D8F7AE /* Enum */,
				C0D902AF261C45C100D8F7AE /* TabBar */,
			);
			path = Common;
			sourceTree = "<group>";
		};
		C09D3E5A26009E5500EDC0F9 /* Main */ = {
			isa = PBXGroup;
			children = (
				C09CB7BE2609D3DE0082DDB7 /* JKMainViewController.swift */,
			);
			path = Main;
			sourceTree = "<group>";
		};
		C09D3E5B26009ED100EDC0F9 /* Dashboard */ = {
			isa = PBXGroup;
			children = (
				C060418B26089E22009A393A /* ViewController */,
				C007162F26089BAA00336C2A /* View */,
			);
			path = Dashboard;
			sourceTree = "<group>";
		};
		C09D3E5E2600A1F100EDC0F9 /* Lottery */ = {
			isa = PBXGroup;
			children = (
				092C8CE62600E4E500B904D6 /* View */,
				092C8CE52600E4DA00B904D6 /* ViewController */,
				092C8CE32600E4C400B904D6 /* ViewModel */,
			);
			path = Lottery;
			sourceTree = "<group>";
		};
		C0AB3B4325F9F3D3007C36AD = {
			isa = PBXGroup;
			children = (
				092C8C9F25FA565300B904D6 /* Modules */,
				C0AB3B6125F9F3EF007C36AD /* Sources */,
				C0AB3B5F25F9F3DF007C36AD /* Resources */,
				C0AB3B4E25F9F3D3007C36AD /* Products */,
				C0AB3B6925F9F79F007C36AD /* Frameworks */,
			);
			sourceTree = "<group>";
		};
		C0AB3B4E25F9F3D3007C36AD /* Products */ = {
			isa = PBXGroup;
			children = (
				C0AB3B4D25F9F3D3007C36AD /* App.framework */,
			);
			name = Products;
			sourceTree = "<group>";
		};
		C0AB3B5F25F9F3DF007C36AD /* Resources */ = {
			isa = PBXGroup;
			children = (
				C0AB3B5125F9F3D3007C36AD /* Info.plist */,
				C0204709261C514D001DB586 /* TabBarItemModular.strings */,
				C020472F261D4B56001DB586 /* Image.xcassets */,
				C09675982626EC35002FCA50 /* NaviagtionBarModular.strings */,
			);
			path = Resources;
			sourceTree = "<group>";
		};
		C0AB3B6125F9F3EF007C36AD /* Sources */ = {
			isa = PBXGroup;
			children = (
				C0AB3B6625F9F753007C36AD /* Application.swift */,
				092C8CDD25FFA59E00B904D6 /* Operators.swift */,
			);
			path = Sources;
			sourceTree = "<group>";
		};
		C0AB3B6925F9F79F007C36AD /* Frameworks */ = {
			isa = PBXGroup;
			children = (
				C09D3E8E2600A4AF00EDC0F9 /* Service.framework */,
				C0E2833125FA031900ACAA93 /* Center.framework */,
				C0AB3B6A25F9F79F007C36AD /* UICore.framework */,
			);
			name = Frameworks;
			sourceTree = "<group>";
		};
		C0CDD1702628227000EDCAD6 /* View */ = {
			isa = PBXGroup;
			children = (
				C0CDD171262822B700EDCAD6 /* LotteryTableViewCell.swift */,
				C083AAFD262EA6FD00F0809F /* JKBall.swift */,
			);
			path = View;
			sourceTree = "<group>";
		};
		C0CFEE502625751100B4E916 /* CarouselView */ = {
			isa = PBXGroup;
			children = (
				C0CFEE51262575E800B4E916 /* CarouseViewFlowLayout.swift */,
				C0CFEE532625855300B4E916 /* CarouseViewCell.swift */,
				C0CFEE5526258C0800B4E916 /* CarouseView.swift */,
			);
			path = CarouselView;
			sourceTree = "<group>";
		};
		C0D902AF261C45C100D8F7AE /* TabBar */ = {
			isa = PBXGroup;
			children = (
				C0D902B0261C45EF00D8F7AE /* TabBarItem.swift */,
				C0204710261C52CB001DB586 /* TabBarItemModular.swift */,
				C0E61111261D9E3F001FA3BE /* TabBar.swift */,
			);
			path = TabBar;
			sourceTree = "<group>";
		};
		C0D902B2261C478000D8F7AE /* Overview */ = {
			isa = PBXGroup;
			children = (
				C083AB0D262EC86300F0809F /* ViewModel */,
				C0CDD1702628227000EDCAD6 /* View */,
				C0D902B5261C47A500D8F7AE /* ViewControllers */,
			);
			path = Overview;
			sourceTree = "<group>";
		};
		C0D902B3261C478C00D8F7AE /* Mine */ = {
			isa = PBXGroup;
			children = (
				C0D902B8261C47E900D8F7AE /* ViewControllers */,
			);
			path = Mine;
			sourceTree = "<group>";
		};
		C0D902B4261C479300D8F7AE /* Setting */ = {
			isa = PBXGroup;
			children = (
				C0D902BA261C486C00D8F7AE /* ViewControllers */,
			);
			path = Setting;
			sourceTree = "<group>";
		};
		C0D902B5261C47A500D8F7AE /* ViewControllers */ = {
			isa = PBXGroup;
			children = (
				C0D902B6261C47D700D8F7AE /* OverviewViewController.swift */,
				C0204722261C630B001DB586 /* OverviewNavigationController.swift */,
				C04A1DCD26280E9500F461AA /* OverviewNormalViewController.swift */,
				C04A1DCF26280EA800F461AA /* OverviewSimpleViewController.swift */,
				C01DBA09266624D9007F314B /* OverviewListViewController.swift */,
			);
			path = ViewControllers;
			sourceTree = "<group>";
		};
		C0D902B8261C47E900D8F7AE /* ViewControllers */ = {
			isa = PBXGroup;
			children = (
				C0D902BD261C488900D8F7AE /* MineViewController.swift */,
				C0204720261C62CF001DB586 /* MineNavigationController.swift */,
			);
			path = ViewControllers;
			sourceTree = "<group>";
		};
		C0D902BA261C486C00D8F7AE /* ViewControllers */ = {
			isa = PBXGroup;
			children = (
				C0D902BB261C487D00D8F7AE /* SettingViewController.swift */,
				C020471E261C60A9001DB586 /* SettingNavigationController.swift */,
			);
			path = ViewControllers;
			sourceTree = "<group>";
		};
		C0D902BF261C48A300D8F7AE /* Enum */ = {
			isa = PBXGroup;
			children = (
				C09CB7C12609D51F0082DDB7 /* Enum.Lottery.swift */,
			);
			path = Enum;
			sourceTree = "<group>";
		};
/* End PBXGroup section */

/* Begin PBXHeadersBuildPhase section */
		C0AB3B4825F9F3D3007C36AD /* Headers */ = {
			isa = PBXHeadersBuildPhase;
			buildActionMask = 2147483647;
			files = (
			);
			runOnlyForDeploymentPostprocessing = 0;
		};
/* End PBXHeadersBuildPhase section */

/* Begin PBXNativeTarget section */
		C0AB3B4C25F9F3D3007C36AD /* App */ = {
			isa = PBXNativeTarget;
			buildConfigurationList = C0AB3B5525F9F3D3007C36AD /* Build configuration list for PBXNativeTarget "App" */;
			buildPhases = (
				C0AB3B4825F9F3D3007C36AD /* Headers */,
				C0AB3B4925F9F3D3007C36AD /* Sources */,
				C0AB3B4A25F9F3D3007C36AD /* Frameworks */,
				C0AB3B4B25F9F3D3007C36AD /* Resources */,
				C0AB3B6D25F9F79F007C36AD /* Embed Frameworks */,
			);
			buildRules = (
			);
			dependencies = (
			);
			name = App;
			productName = App;
			productReference = C0AB3B4D25F9F3D3007C36AD /* App.framework */;
			productType = "com.apple.product-type.framework";
		};
/* End PBXNativeTarget section */

/* Begin PBXProject section */
		C0AB3B4425F9F3D3007C36AD /* Project object */ = {
			isa = PBXProject;
			attributes = {
				LastUpgradeCheck = 1240;
				TargetAttributes = {
					C0AB3B4C25F9F3D3007C36AD = {
						CreatedOnToolsVersion = 12.4;
						LastSwiftMigration = 1240;
					};
				};
			};
			buildConfigurationList = C0AB3B4725F9F3D3007C36AD /* Build configuration list for PBXProject "App" */;
			compatibilityVersion = "Xcode 9.3";
			developmentRegion = en;
			hasScannedForEncodings = 0;
			knownRegions = (
				en,
				Base,
				"zh-Hans",
			);
			mainGroup = C0AB3B4325F9F3D3007C36AD;
			productRefGroup = C0AB3B4E25F9F3D3007C36AD /* Products */;
			projectDirPath = "";
			projectRoot = "";
			targets = (
				C0AB3B4C25F9F3D3007C36AD /* App */,
			);
		};
/* End PBXProject section */

/* Begin PBXResourcesBuildPhase section */
		C0AB3B4B25F9F3D3007C36AD /* Resources */ = {
			isa = PBXResourcesBuildPhase;
			buildActionMask = 2147483647;
			files = (
				C020470A261C51B1001DB586 /* TabBarItemModular.strings in Resources */,
				C0204730261D4C3B001DB586 /* Image.xcassets in Resources */,
				C09675962626EC35002FCA50 /* NaviagtionBarModular.strings in Resources */,
			);
			runOnlyForDeploymentPostprocessing = 0;
		};
/* End PBXResourcesBuildPhase section */

/* Begin PBXSourcesBuildPhase section */
		C0AB3B4925F9F3D3007C36AD /* Sources */ = {
			isa = PBXSourcesBuildPhase;
			buildActionMask = 2147483647;
			files = (
				092C8CDC25FF9ED700B904D6 /* RxSwiftUIViewController.swift in Sources */,
				C0CFEE5626258C0800B4E916 /* CarouseView.swift in Sources */,
				C0D902BE261C488900D8F7AE /* MineViewController.swift in Sources */,
				C09D3E5D26009FB300EDC0F9 /* JKDashboardViewController.swift in Sources */,
				C0D902B7261C47D700D8F7AE /* OverviewViewController.swift in Sources */,
				C09D3E922600A51600EDC0F9 /* JKLotteryTableViewCell.swift in Sources */,
				092C8CE82600E52000B904D6 /* JKSegmentControl.swift in Sources */,
				C083AB0F262EC88300F0809F /* OverviewSimpleViewModel.swift in Sources */,
				C0E61112261D9E3F001FA3BE /* TabBar.swift in Sources */,
				C02B9E9025FB4363007DADA7 /* RandomUserAPI.swift in Sources */,
				C0D902B1261C45EF00D8F7AE /* TabBarItem.swift in Sources */,
				C0036C972601F90B00807550 /* JKView.swift in Sources */,
				092C8CA925FA59A800B904D6 /* MainViewController.swift in Sources */,
				C0204711261C52CB001DB586 /* TabBarItemModular.swift in Sources */,
				C007163326089C4A00336C2A /* JKCurrentLotteryHeaderView.swift in Sources */,
				C083AAFE262EA6FD00F0809F /* JKBall.swift in Sources */,
				C0AB3B7025F9F85C007C36AD /* BackupViewController.swift in Sources */,
				C020471F261C60A9001DB586 /* SettingNavigationController.swift in Sources */,
				C0CFEE542625855300B4E916 /* CarouseViewCell.swift in Sources */,
				C01DBA0A266624D9007F314B /* OverviewListViewController.swift in Sources */,
				092C8CDA25FF943100B904D6 /* RxSwiftSubjectViewController.swift in Sources */,
				C0BED1E025FF2F8E005A5584 /* RxSwiftFilteringViewController.swift in Sources */,
				C083AB26262ECF4900F0809F /* BaseCellViewModel.swift in Sources */,
				C0036C932601DA8C00807550 /* JKSegmentControl+rx.swift in Sources */,
				C007163126089C0300336C2A /* JKLotteryRankTableViewCell.swift in Sources */,
				C02B9E8E25FB40E5007DADA7 /* TableViewWithCommandsExampleViewController.swift in Sources */,
				C0CFEE52262575E800B4E916 /* CarouseViewFlowLayout.swift in Sources */,
				C02B9E8C25FB1566007DADA7 /* EquatableExampleViewController.swift in Sources */,
				C02B9E8A25FB1113007DADA7 /* CodableExampleViewController.swift in Sources */,
				C0204721261C62CF001DB586 /* MineNavigationController.swift in Sources */,
				C083AB22262ECE8B00F0809F /* OverviewLotteryCellViewModel.swift in Sources */,
				C0CDD172262822B700EDCAD6 /* LotteryTableViewCell.swift in Sources */,
				C0D902BC261C487D00D8F7AE /* SettingViewController.swift in Sources */,
				C061366C2620241600878284 /* Theme.swift in Sources */,
				092C8CDE25FFA59E00B904D6 /* Operators.swift in Sources */,
				C09D3E602600A25600EDC0F9 /* JKLotteryListViewController.swift in Sources */,
				C02B9E6D25FB0485007DADA7 /* ExampleMainViewController.swift in Sources */,
				C01DBA0C26662698007F314B /* OverviewListViewModel.swift in Sources */,
				C0AB3B6725F9F753007C36AD /* Application.swift in Sources */,
				C04A1DCE26280E9500F461AA /* OverviewNormalViewController.swift in Sources */,
				C06136672620011F00878284 /* NaviagtionBarModular.swift in Sources */,
				C0204723261C630B001DB586 /* OverviewNavigationController.swift in Sources */,
				C09CB7BF2609D3DE0082DDB7 /* JKMainViewController.swift in Sources */,
				C0613665262000C800878284 /* CommonModular..swift in Sources */,
				C02B9E9625FB5193007DADA7 /* RxSwiftExampleViewController.swift in Sources */,
				C04A1DD026280EA800F461AA /* OverviewSimpleViewController.swift in Sources */,
				C09D3E982600A74600EDC0F9 /* JKLotteryListViewModel.swift in Sources */,
				C09CB7C22609D51F0082DDB7 /* Enum.Lottery.swift in Sources */,
			);
			runOnlyForDeploymentPostprocessing = 0;
		};
/* End PBXSourcesBuildPhase section */

/* Begin PBXVariantGroup section */
		C0204709261C514D001DB586 /* TabBarItemModular.strings */ = {
			isa = PBXVariantGroup;
			children = (
				C0204708261C514D001DB586 /* zh-Hans */,
				C0204712261C5A8B001DB586 /* en */,
			);
			name = TabBarItemModular.strings;
			sourceTree = "<group>";
		};
		C09675982626EC35002FCA50 /* NaviagtionBarModular.strings */ = {
			isa = PBXVariantGroup;
			children = (
				C09675972626EC35002FCA50 /* en */,
				C09675992626EC39002FCA50 /* zh-Hans */,
			);
			name = NaviagtionBarModular.strings;
			sourceTree = "<group>";
		};
/* End PBXVariantGroup section */

/* Begin XCBuildConfiguration section */
		C0AB3B5325F9F3D3007C36AD /* Debug */ = {
			isa = XCBuildConfiguration;
			buildSettings = {
				ALWAYS_SEARCH_USER_PATHS = NO;
				CLANG_ANALYZER_NONNULL = YES;
				CLANG_ANALYZER_NUMBER_OBJECT_CONVERSION = YES_AGGRESSIVE;
				CLANG_CXX_LANGUAGE_STANDARD = "gnu++14";
				CLANG_CXX_LIBRARY = "libc++";
				CLANG_ENABLE_MODULES = YES;
				CLANG_ENABLE_OBJC_ARC = YES;
				CLANG_ENABLE_OBJC_WEAK = YES;
				CLANG_WARN_BLOCK_CAPTURE_AUTORELEASING = YES;
				CLANG_WARN_BOOL_CONVERSION = YES;
				CLANG_WARN_COMMA = YES;
				CLANG_WARN_CONSTANT_CONVERSION = YES;
				CLANG_WARN_DEPRECATED_OBJC_IMPLEMENTATIONS = YES;
				CLANG_WARN_DIRECT_OBJC_ISA_USAGE = YES_ERROR;
				CLANG_WARN_DOCUMENTATION_COMMENTS = YES;
				CLANG_WARN_EMPTY_BODY = YES;
				CLANG_WARN_ENUM_CONVERSION = YES;
				CLANG_WARN_INFINITE_RECURSION = YES;
				CLANG_WARN_INT_CONVERSION = YES;
				CLANG_WARN_NON_LITERAL_NULL_CONVERSION = YES;
				CLANG_WARN_OBJC_IMPLICIT_RETAIN_SELF = YES;
				CLANG_WARN_OBJC_LITERAL_CONVERSION = YES;
				CLANG_WARN_OBJC_ROOT_CLASS = YES_ERROR;
				CLANG_WARN_QUOTED_INCLUDE_IN_FRAMEWORK_HEADER = YES;
				CLANG_WARN_RANGE_LOOP_ANALYSIS = YES;
				CLANG_WARN_STRICT_PROTOTYPES = YES;
				CLANG_WARN_SUSPICIOUS_MOVE = YES;
				CLANG_WARN_UNGUARDED_AVAILABILITY = YES_AGGRESSIVE;
				CLANG_WARN_UNREACHABLE_CODE = YES;
				CLANG_WARN__DUPLICATE_METHOD_MATCH = YES;
				COPY_PHASE_STRIP = NO;
				CURRENT_PROJECT_VERSION = 1;
				DEBUG_INFORMATION_FORMAT = dwarf;
				ENABLE_STRICT_OBJC_MSGSEND = YES;
				ENABLE_TESTABILITY = YES;
				GCC_C_LANGUAGE_STANDARD = gnu11;
				GCC_DYNAMIC_NO_PIC = NO;
				GCC_NO_COMMON_BLOCKS = YES;
				GCC_OPTIMIZATION_LEVEL = 0;
				GCC_PREPROCESSOR_DEFINITIONS = (
					"DEBUG=1",
					"$(inherited)",
				);
				GCC_WARN_64_TO_32_BIT_CONVERSION = YES;
				GCC_WARN_ABOUT_RETURN_TYPE = YES_ERROR;
				GCC_WARN_UNDECLARED_SELECTOR = YES;
				GCC_WARN_UNINITIALIZED_AUTOS = YES_AGGRESSIVE;
				GCC_WARN_UNUSED_FUNCTION = YES;
				GCC_WARN_UNUSED_VARIABLE = YES;
				IPHONEOS_DEPLOYMENT_TARGET = 14.4;
				MTL_ENABLE_DEBUG_INFO = INCLUDE_SOURCE;
				MTL_FAST_MATH = YES;
				ONLY_ACTIVE_ARCH = YES;
				SDKROOT = iphoneos;
				SWIFT_ACTIVE_COMPILATION_CONDITIONS = DEBUG;
				SWIFT_OPTIMIZATION_LEVEL = "-Onone";
				VERSIONING_SYSTEM = "apple-generic";
				VERSION_INFO_PREFIX = "";
			};
			name = Debug;
		};
		C0AB3B5425F9F3D3007C36AD /* Release */ = {
			isa = XCBuildConfiguration;
			buildSettings = {
				ALWAYS_SEARCH_USER_PATHS = NO;
				CLANG_ANALYZER_NONNULL = YES;
				CLANG_ANALYZER_NUMBER_OBJECT_CONVERSION = YES_AGGRESSIVE;
				CLANG_CXX_LANGUAGE_STANDARD = "gnu++14";
				CLANG_CXX_LIBRARY = "libc++";
				CLANG_ENABLE_MODULES = YES;
				CLANG_ENABLE_OBJC_ARC = YES;
				CLANG_ENABLE_OBJC_WEAK = YES;
				CLANG_WARN_BLOCK_CAPTURE_AUTORELEASING = YES;
				CLANG_WARN_BOOL_CONVERSION = YES;
				CLANG_WARN_COMMA = YES;
				CLANG_WARN_CONSTANT_CONVERSION = YES;
				CLANG_WARN_DEPRECATED_OBJC_IMPLEMENTATIONS = YES;
				CLANG_WARN_DIRECT_OBJC_ISA_USAGE = YES_ERROR;
				CLANG_WARN_DOCUMENTATION_COMMENTS = YES;
				CLANG_WARN_EMPTY_BODY = YES;
				CLANG_WARN_ENUM_CONVERSION = YES;
				CLANG_WARN_INFINITE_RECURSION = YES;
				CLANG_WARN_INT_CONVERSION = YES;
				CLANG_WARN_NON_LITERAL_NULL_CONVERSION = YES;
				CLANG_WARN_OBJC_IMPLICIT_RETAIN_SELF = YES;
				CLANG_WARN_OBJC_LITERAL_CONVERSION = YES;
				CLANG_WARN_OBJC_ROOT_CLASS = YES_ERROR;
				CLANG_WARN_QUOTED_INCLUDE_IN_FRAMEWORK_HEADER = YES;
				CLANG_WARN_RANGE_LOOP_ANALYSIS = YES;
				CLANG_WARN_STRICT_PROTOTYPES = YES;
				CLANG_WARN_SUSPICIOUS_MOVE = YES;
				CLANG_WARN_UNGUARDED_AVAILABILITY = YES_AGGRESSIVE;
				CLANG_WARN_UNREACHABLE_CODE = YES;
				CLANG_WARN__DUPLICATE_METHOD_MATCH = YES;
				COPY_PHASE_STRIP = NO;
				CURRENT_PROJECT_VERSION = 1;
				DEBUG_INFORMATION_FORMAT = "dwarf-with-dsym";
				ENABLE_NS_ASSERTIONS = NO;
				ENABLE_STRICT_OBJC_MSGSEND = YES;
				GCC_C_LANGUAGE_STANDARD = gnu11;
				GCC_NO_COMMON_BLOCKS = YES;
				GCC_WARN_64_TO_32_BIT_CONVERSION = YES;
				GCC_WARN_ABOUT_RETURN_TYPE = YES_ERROR;
				GCC_WARN_UNDECLARED_SELECTOR = YES;
				GCC_WARN_UNINITIALIZED_AUTOS = YES_AGGRESSIVE;
				GCC_WARN_UNUSED_FUNCTION = YES;
				GCC_WARN_UNUSED_VARIABLE = YES;
				IPHONEOS_DEPLOYMENT_TARGET = 14.4;
				MTL_ENABLE_DEBUG_INFO = NO;
				MTL_FAST_MATH = YES;
				SDKROOT = iphoneos;
				SWIFT_COMPILATION_MODE = wholemodule;
				SWIFT_OPTIMIZATION_LEVEL = "-O";
				VALIDATE_PRODUCT = YES;
				VERSIONING_SYSTEM = "apple-generic";
				VERSION_INFO_PREFIX = "";
			};
			name = Release;
		};
		C0AB3B5625F9F3D3007C36AD /* Debug */ = {
			isa = XCBuildConfiguration;
			buildSettings = {
				CLANG_ENABLE_MODULES = YES;
				CODE_SIGN_STYLE = Automatic;
				DEFINES_MODULE = YES;
				DEVELOPMENT_TEAM = "";
				DYLIB_COMPATIBILITY_VERSION = 1;
				DYLIB_CURRENT_VERSION = 1;
				DYLIB_INSTALL_NAME_BASE = "@rpath";
				INFOPLIST_FILE = Resources/Info.plist;
				INSTALL_PATH = "$(LOCAL_LIBRARY_DIR)/Frameworks";
				IPHONEOS_DEPLOYMENT_TARGET = 11.0;
				LD_RUNPATH_SEARCH_PATHS = (
					"$(inherited)",
					"@executable_path/Frameworks",
					"@loader_path/Frameworks",
				);
				PRODUCT_BUNDLE_IDENTIFIER = com.jeak.app.app;
				PRODUCT_NAME = "$(TARGET_NAME:c99extidentifier)";
				SKIP_INSTALL = YES;
				SWIFT_OPTIMIZATION_LEVEL = "-Onone";
				SWIFT_VERSION = 5.0;
				TARGETED_DEVICE_FAMILY = "1,2";
			};
			name = Debug;
		};
		C0AB3B5725F9F3D3007C36AD /* Release */ = {
			isa = XCBuildConfiguration;
			buildSettings = {
				CLANG_ENABLE_MODULES = YES;
				CODE_SIGN_STYLE = Automatic;
				DEFINES_MODULE = YES;
				DEVELOPMENT_TEAM = "";
				DYLIB_COMPATIBILITY_VERSION = 1;
				DYLIB_CURRENT_VERSION = 1;
				DYLIB_INSTALL_NAME_BASE = "@rpath";
				INFOPLIST_FILE = Resources/Info.plist;
				INSTALL_PATH = "$(LOCAL_LIBRARY_DIR)/Frameworks";
				IPHONEOS_DEPLOYMENT_TARGET = 11.0;
				LD_RUNPATH_SEARCH_PATHS = (
					"$(inherited)",
					"@executable_path/Frameworks",
					"@loader_path/Frameworks",
				);
				PRODUCT_BUNDLE_IDENTIFIER = com.jeak.app.app;
				PRODUCT_NAME = "$(TARGET_NAME:c99extidentifier)";
				SKIP_INSTALL = YES;
				SWIFT_VERSION = 5.0;
				TARGETED_DEVICE_FAMILY = "1,2";
			};
			name = Release;
		};
/* End XCBuildConfiguration section */

/* Begin XCConfigurationList section */
		C0AB3B4725F9F3D3007C36AD /* Build configuration list for PBXProject "App" */ = {
			isa = XCConfigurationList;
			buildConfigurations = (
				C0AB3B5325F9F3D3007C36AD /* Debug */,
				C0AB3B5425F9F3D3007C36AD /* Release */,
			);
			defaultConfigurationIsVisible = 0;
			defaultConfigurationName = Release;
		};
		C0AB3B5525F9F3D3007C36AD /* Build configuration list for PBXNativeTarget "App" */ = {
			isa = XCConfigurationList;
			buildConfigurations = (
				C0AB3B5625F9F3D3007C36AD /* Debug */,
				C0AB3B5725F9F3D3007C36AD /* Release */,
			);
			defaultConfigurationIsVisible = 0;
			defaultConfigurationName = Release;
		};
/* End XCConfigurationList section */
	};
	rootObject = C0AB3B4425F9F3D3007C36AD /* Project object */;
}
