{
  "object": {
    "pins": [
      {
        "package": "Asura",
        "repositoryURL": "https://gitee.com/jlab/Asura.git",
        "state": {
          "branch": null,
          "revision": "e781113a1609266386e5143ff3fa4b0af3755358",
          "version": "1.1.1"
        }
      },
      {
        "package": "Coder",
        "repositoryURL": "https://gitee.com/jlab/Coder.git",
        "state": {
          "branch": null,
          "revision": "2db04df6de4c04fd7b7cbe89d3e1a872f5bdf635",
          "version": "1.0.0"
        }
      },
      {
        "package": "grpc-swift",
        "repositoryURL": "https://gitee.com/jlab/grpc-swift.git",
        "state": {
          "branch": null,
          "revision": "9ae467dbc9767491f1270244c08e4e58846d2757",
          "version": "1.0.0"
        }
      },
      {
        "package": "RPC",
        "repositoryURL": "https://gitee.com/jccgulu/jeak_ios_rpc.git",
        "state": {
          "branch": null,
          "revision": "c9a37151bcca50072b3b223e2b2e8f70cd7a3394",
          "version": "1.0.3"
        }
      },
      {
        "package": "RxDataSources",
        "repositoryURL": "https://gitee.com/jlab/RxDataSources.git",
        "state": {
          "branch": null,
          "revision": "241c62e7b578b2346c8b60efdf31b4eb2eab2966",
          "version": "5.0.0"
        }
      },
      {
        "package": "RxSwift",
        "repositoryURL": "https://gitee.com/jlab/RxSwift.git",
        "state": {
          "branch": null,
          "revision": "7e01c05f25c025143073eaa3be3532f9375c614b",
          "version": "6.1.0"
        }
      },
      {
        "package": "SnapKit",
        "repositoryURL": "https://gitee.com/jlab/SnapKit.git",
        "state": {
          "branch": null,
          "revision": "d458564516e5676af9c70b4f4b2a9178294f1bc6",
          "version": "5.0.1"
        }
      },
      {
        "package": "Standard",
        "repositoryURL": "https://gitee.com/jccgulu/Standard.git",
        "state": {
          "branch": null,
          "revision": "bcb82abc67413c207c240b3f07cedf68e333977f",
          "version": "1.0.1"
        }
      },
      {
        "package": "Storage",
        "repositoryURL": "https://gitee.com/jlab/Storage.git",
        "state": {
          "branch": null,
          "revision": "5f508653b435d79ce39ce87baf743f4f294c1db6",
          "version": "1.0.2"
        }
      },
      {
        "package": "swift-log",
        "repositoryURL": "https://gitee.com/jlab/swift-log.git",
        "state": {
          "branch": null,
          "revision": "5d66f7ba25daf4f94100e7022febf3c75e37a6c7",
          "version": "1.4.2"
        }
      },
      {
        "package": "swift-nio",
        "repositoryURL": "https://gitee.com/jlab/swift-nio.git",
        "state": {
          "branch": null,
          "revision": "6d3ca7e54e06a69d0f2612c2ce8bb8b7319085a4",
          "version": "2.26.0"
        }
      },
      {
        "package": "swift-nio-extras",
        "repositoryURL": "https://gitee.com/jlab/swift-nio-extras.git",
        "state": {
          "branch": null,
          "revision": "de1c80ad1fdff1ba772bcef6b392c3ef735f39a6",
          "version": "1.8.0"
        }
      },
      {
        "package": "swift-nio-http2",
        "repositoryURL": "https://gitee.com/jlab/swift-nio-http2.git",
        "state": {
          "branch": null,
          "revision": "f4736a3b78a2bbe3feb7fc0f33f6683a8c27974c",
          "version": "1.16.3"
        }
      },
      {
        "package": "swift-nio-ssl",
        "repositoryURL": "https://gitee.com/jlab/swift-nio-ssl.git",
        "state": {
          "branch": null,
          "revision": "bbb38fbcbbe9dc4665b2c638dfa5681b01079bfb",
          "version": "2.10.4"
        }
      },
      {
        "package": "swift-nio-transport-services",
        "repositoryURL": "https://gitee.com/jlab/swift-nio-transport-services.git",
        "state": {
          "branch": null,
          "revision": "1d28d48e071727f4558a8a4bb1894472abc47a58",
          "version": "1.9.2"
        }
      },
      {
        "package": "SwiftProtobuf",
        "repositoryURL": "https://gitee.com/jlab/swift-protobuf.git",
        "state": {
          "branch": null,
          "revision": "e1904bf5a5f79cb7e0ff68a427a53a93b652fcd1",
          "version": "1.15.0"
        }
      },
      {
        "package": "Toast",
        "repositoryURL": "https://gitee.com/jlab/Toast-Swift.git",
        "state": {
          "branch": null,
          "revision": "0c9493eeacb102cc614da385cfaaf475379f4ab4",
          "version": "5.0.1"
        }
      }
    ]
  },
  "version": 1
}
